github.com/andybalholm/crlf v0.0.0-20171020200849-670099aa064f h1:NNJE6p4LchkmNfNskDUaSbrwxZzr7t2/lj2aS+q4oF0=
github.com/andybalholm/crlf v0.0.0-20171020200849-670099aa064f/go.mod h1:k8feO4+kXDxro6ErPXBRTJ/ro2mf0SsFG8s7doP9kJE=
github.com/long-schlong-gang/turing v0.0.0-20210614205042-b0275b78a152 h1:lokYGQ1ci3/3AJbt/UYdcgAlveZoPaRxzFc6/xkxerk=
github.com/long-schlong-gang/turing v0.0.0-20210614205042-b0275b78a152/go.mod h1:hvPwl3LCuiKNepkzytSKYIjDzFphwAtHQp6RgVIOzeY=
github.com/teris-io/cli v1.0.1 h1:J6jnVHC552uqx7zT+Ux0++tIvLmJQULqxVhCid2u/Gk=
github.com/teris-io/cli v1.0.1/go.mod h1:V9nVD5aZ873RU/tQXLSXO8FieVPQhQvuNohsdsKXsGw=
golang.org/x/text v0.3.6 h1:aRYxNxv6iGQlyVaZmk6ZgYEDa+Jg18DxebPSrd6bg1M=
golang.org/x/text v0.3.6/go.mod h1:5Zoc/QRtKVWzQhOtBMvqHzDpF6irO9z98xDceosuGiQ=
golang.org/x/tools v0.0.0-20180917221912-90fa682c2a6e/go.mod h1:n7NCudcB/nEzxVGmLbDWY5pfWTLqBcC2KZ6jyYvM4mQ=
